// !$*UTF8*$!
{
	archiveVersion = 1;
	classes = {
	};
	objectVersion = 52;
	objects = {

/* Begin PBXBuildFile section */
		7622334625535EA50070E571 /* DayButton.swift in Sources */ = {isa = PBXBuildFile; fileRef = 7622334525535EA50070E571 /* DayButton.swift */; };
		7622334A255367700070E571 /* Workout.swift in Sources */ = {isa = PBXBuildFile; fileRef = 76223349255367700070E571 /* Workout.swift */; };
		7622334F255368500070E571 /* WorkoutModel.swift in Sources */ = {isa = PBXBuildFile; fileRef = 7622334E255368500070E571 /* WorkoutModel.swift */; };
		76259A4125672E83000417EF /* beginWorkout.swift in Sources */ = {isa = PBXBuildFile; fileRef = 76259A4025672E83000417EF /* beginWorkout.swift */; };
		763A8C23258A8ACE00DEF2C5 /* InputView.swift in Sources */ = {isa = PBXBuildFile; fileRef = 763A8C22258A8ACE00DEF2C5 /* InputView.swift */; };
		763A8C27258A90B500DEF2C5 /* CustomPickerView.swift in Sources */ = {isa = PBXBuildFile; fileRef = 763A8C26258A90B500DEF2C5 /* CustomPickerView.swift */; };
		764638A7254CAFDE00A23505 /* AppDelegate.swift in Sources */ = {isa = PBXBuildFile; fileRef = 764638A6254CAFDE00A23505 /* AppDelegate.swift */; };
		764638A9254CAFDE00A23505 /* SceneDelegate.swift in Sources */ = {isa = PBXBuildFile; fileRef = 764638A8254CAFDE00A23505 /* SceneDelegate.swift */; };
		764638AB254CAFDE00A23505 /* ContentView.swift in Sources */ = {isa = PBXBuildFile; fileRef = 764638AA254CAFDE00A23505 /* ContentView.swift */; };
		764638AD254CAFE400A23505 /* Assets.xcassets in Resources */ = {isa = PBXBuildFile; fileRef = 764638AC254CAFE400A23505 /* Assets.xcassets */; };
		764638B0254CAFE400A23505 /* Preview Assets.xcassets in Resources */ = {isa = PBXBuildFile; fileRef = 764638AF254CAFE400A23505 /* Preview Assets.xcassets */; };
		764638B3254CAFE400A23505 /* LaunchScreen.storyboard in Resources */ = {isa = PBXBuildFile; fileRef = 764638B1254CAFE400A23505 /* LaunchScreen.storyboard */; };
		764CA4D5257C2B8900057FDE /* EditWorkout.swift in Sources */ = {isa = PBXBuildFile; fileRef = 764CA4D4257C2B8900057FDE /* EditWorkout.swift */; };
		7651C77625538E3400887702 /* GoogleService-Info.plist in Resources */ = {isa = PBXBuildFile; fileRef = 7651C77525538E3400887702 /* GoogleService-Info.plist */; };
		766AF60C2575EAAE0053DD85 /* SetData.swift in Sources */ = {isa = PBXBuildFile; fileRef = 766AF60B2575EAAE0053DD85 /* SetData.swift */; };
		766AF60F2575EB3B0053DD85 /* SetModel.swift in Sources */ = {isa = PBXBuildFile; fileRef = 766AF60E2575EB3B0053DD85 /* SetModel.swift */; };
		7675D645258AC5F5003CF418 /* RangeView.swift in Sources */ = {isa = PBXBuildFile; fileRef = 7675D644258AC5F5003CF418 /* RangeView.swift */; };
		7681516925A65A0E007C0285 /* LineGraph.swift in Sources */ = {isa = PBXBuildFile; fileRef = 7681516825A65A0E007C0285 /* LineGraph.swift */; };
		769495D525A6BF85000DC704 /* ExerciseData.swift in Sources */ = {isa = PBXBuildFile; fileRef = 769495D425A6BF85000DC704 /* ExerciseData.swift */; };
		76A51F222571EFAB005FF3EC /* PopupMenu.swift in Sources */ = {isa = PBXBuildFile; fileRef = 76A51F212571EFAB005FF3EC /* PopupMenu.swift */; };
		76E5405D25A6D5080050D622 /* SwiftUICharts in Frameworks */ = {isa = PBXBuildFile; productRef = 76E5405C25A6D5080050D622 /* SwiftUICharts */; };
		76EE261925586B8A0045CD30 /* EditView.swift in Sources */ = {isa = PBXBuildFile; fileRef = 76EE261825586B8A0045CD30 /* EditView.swift */; };
		76EE261D2559D2520045CD30 /* ButtonView.swift in Sources */ = {isa = PBXBuildFile; fileRef = 76EE261C2559D2520045CD30 /* ButtonView.swift */; };
		76EE26352560B9090045CD30 /* workoutSelection.swift in Sources */ = {isa = PBXBuildFile; fileRef = 76EE26342560B9080045CD30 /* workoutSelection.swift */; };
		C43A4AFC8D9E385AA0917553 /* Pods_FitnessApp.framework in Frameworks */ = {isa = PBXBuildFile; fileRef = 175F0D69910A5269C5F2C276 /* Pods_FitnessApp.framework */; };
/* End PBXBuildFile section */

/* Begin PBXFileReference section */
		175F0D69910A5269C5F2C276 /* Pods_FitnessApp.framework */ = {isa = PBXFileReference; explicitFileType = wrapper.framework; includeInIndex = 0; path = Pods_FitnessApp.framework; sourceTree = BUILT_PRODUCTS_DIR; };
		7622334525535EA50070E571 /* DayButton.swift */ = {isa = PBXFileReference; lastKnownFileType = sourcecode.swift; path = DayButton.swift; sourceTree = "<group>"; };
		76223349255367700070E571 /* Workout.swift */ = {isa = PBXFileReference; lastKnownFileType = sourcecode.swift; path = Workout.swift; sourceTree = "<group>"; };
		7622334E255368500070E571 /* WorkoutModel.swift */ = {isa = PBXFileReference; lastKnownFileType = sourcecode.swift; path = WorkoutModel.swift; sourceTree = "<group>"; };
		76259A4025672E83000417EF /* beginWorkout.swift */ = {isa = PBXFileReference; lastKnownFileType = sourcecode.swift; path = beginWorkout.swift; sourceTree = "<group>"; };
		763A8C22258A8ACE00DEF2C5 /* InputView.swift */ = {isa = PBXFileReference; lastKnownFileType = sourcecode.swift; path = InputView.swift; sourceTree = "<group>"; };
		763A8C26258A90B500DEF2C5 /* CustomPickerView.swift */ = {isa = PBXFileReference; lastKnownFileType = sourcecode.swift; path = CustomPickerView.swift; sourceTree = "<group>"; };
		764638A6254CAFDE00A23505 /* AppDelegate.swift */ = {isa = PBXFileReference; lastKnownFileType = sourcecode.swift; path = AppDelegate.swift; sourceTree = "<group>"; };
		764638A8254CAFDE00A23505 /* SceneDelegate.swift */ = {isa = PBXFileReference; lastKnownFileType = sourcecode.swift; path = SceneDelegate.swift; sourceTree = "<group>"; };
		764638AA254CAFDE00A23505 /* ContentView.swift */ = {isa = PBXFileReference; lastKnownFileType = sourcecode.swift; path = ContentView.swift; sourceTree = "<group>"; };
		764638AC254CAFE400A23505 /* Assets.xcassets */ = {isa = PBXFileReference; lastKnownFileType = folder.assetcatalog; path = Assets.xcassets; sourceTree = "<group>"; };
		764638AF254CAFE400A23505 /* Preview Assets.xcassets */ = {isa = PBXFileReference; lastKnownFileType = folder.assetcatalog; path = "Preview Assets.xcassets"; sourceTree = "<group>"; };
		764638B2254CAFE400A23505 /* Base */ = {isa = PBXFileReference; lastKnownFileType = file.storyboard; name = Base; path = Base.lproj/LaunchScreen.storyboard; sourceTree = "<group>"; };
		764638B4254CAFE400A23505 /* Info.plist */ = {isa = PBXFileReference; lastKnownFileType = text.plist.xml; path = Info.plist; sourceTree = "<group>"; };
		764CA4D4257C2B8900057FDE /* EditWorkout.swift */ = {isa = PBXFileReference; lastKnownFileType = sourcecode.swift; path = EditWorkout.swift; sourceTree = "<group>"; };
		7651C77525538E3400887702 /* GoogleService-Info.plist */ = {isa = PBXFileReference; fileEncoding = 4; lastKnownFileType = text.plist.xml; name = "GoogleService-Info.plist"; path = "../../../../GoogleService-Info.plist"; sourceTree = "<group>"; };
		766AF60B2575EAAE0053DD85 /* SetData.swift */ = {isa = PBXFileReference; lastKnownFileType = sourcecode.swift; path = SetData.swift; sourceTree = "<group>"; };
		766AF60E2575EB3B0053DD85 /* SetModel.swift */ = {isa = PBXFileReference; lastKnownFileType = sourcecode.swift; path = SetModel.swift; sourceTree = "<group>"; };
		7675D644258AC5F5003CF418 /* RangeView.swift */ = {isa = PBXFileReference; lastKnownFileType = sourcecode.swift; path = RangeView.swift; sourceTree = "<group>"; };
		7681516825A65A0E007C0285 /* LineGraph.swift */ = {isa = PBXFileReference; lastKnownFileType = sourcecode.swift; path = LineGraph.swift; sourceTree = "<group>"; };
		769495D425A6BF85000DC704 /* ExerciseData.swift */ = {isa = PBXFileReference; lastKnownFileType = sourcecode.swift; name = ExerciseData.swift; path = ../../../../../../.Trash/ExerciseData.swift; sourceTree = "<group>"; };
		76A51F212571EFAB005FF3EC /* PopupMenu.swift */ = {isa = PBXFileReference; lastKnownFileType = sourcecode.swift; path = PopupMenu.swift; sourceTree = "<group>"; };
		76EE261825586B8A0045CD30 /* EditView.swift */ = {isa = PBXFileReference; lastKnownFileType = sourcecode.swift; path = EditView.swift; sourceTree = "<group>"; };
		76EE261C2559D2520045CD30 /* ButtonView.swift */ = {isa = PBXFileReference; fileEncoding = 4; lastKnownFileType = sourcecode.swift; path = ButtonView.swift; sourceTree = "<group>"; };
		76EE26342560B9080045CD30 /* workoutSelection.swift */ = {isa = PBXFileReference; lastKnownFileType = sourcecode.swift; path = workoutSelection.swift; sourceTree = "<group>"; };
		76EFF2932581A4D100E42334 /* FitnessApp.app */ = {isa = PBXFileReference; explicitFileType = wrapper.application; includeInIndex = 0; path = FitnessApp.app; sourceTree = BUILT_PRODUCTS_DIR; };
		933BCEBD74ACE0BF4CA9348E /* Pods-FitnessApp.release.xcconfig */ = {isa = PBXFileReference; includeInIndex = 1; lastKnownFileType = text.xcconfig; name = "Pods-FitnessApp.release.xcconfig"; path = "Target Support Files/Pods-FitnessApp/Pods-FitnessApp.release.xcconfig"; sourceTree = "<group>"; };
		CC4F6F750F26E02F200D5F09 /* Pods-FitnessApp.debug.xcconfig */ = {isa = PBXFileReference; includeInIndex = 1; lastKnownFileType = text.xcconfig; name = "Pods-FitnessApp.debug.xcconfig"; path = "Target Support Files/Pods-FitnessApp/Pods-FitnessApp.debug.xcconfig"; sourceTree = "<group>"; };
/* End PBXFileReference section */

/* Begin PBXFrameworksBuildPhase section */
		764638A0254CAFDE00A23505 /* Frameworks */ = {
			isa = PBXFrameworksBuildPhase;
			buildActionMask = 2147483647;
			files = (
				C43A4AFC8D9E385AA0917553 /* Pods_FitnessApp.framework in Frameworks */,
				76E5405D25A6D5080050D622 /* SwiftUICharts in Frameworks */,
			);
			runOnlyForDeploymentPostprocessing = 0;
		};
/* End PBXFrameworksBuildPhase section */

/* Begin PBXGroup section */
		5C7BA05B53078A94A8F87B4A /* Pods */ = {
			isa = PBXGroup;
			children = (
				CC4F6F750F26E02F200D5F09 /* Pods-FitnessApp.debug.xcconfig */,
				933BCEBD74ACE0BF4CA9348E /* Pods-FitnessApp.release.xcconfig */,
			);
			path = Pods;
			sourceTree = "<group>";
		};
		76223348255367480070E571 /* Views */ = {
			isa = PBXGroup;
			children = (
				769495D425A6BF85000DC704 /* ExerciseData.swift */,
				76223349255367700070E571 /* Workout.swift */,
				766AF60B2575EAAE0053DD85 /* SetData.swift */,
			);
			path = Views;
			sourceTree = "<group>";
		};
		7622334D255368430070E571 /* ViewModels */ = {
			isa = PBXGroup;
			children = (
				7622334E255368500070E571 /* WorkoutModel.swift */,
				766AF60E2575EB3B0053DD85 /* SetModel.swift */,
			);
			path = ViewModels;
			sourceTree = "<group>";
		};
		763A8C21258A8A9B00DEF2C5 /* GraphView */ = {
			isa = PBXGroup;
			children = (
				763A8C22258A8ACE00DEF2C5 /* InputView.swift */,
				7681516825A65A0E007C0285 /* LineGraph.swift */,
				763A8C26258A90B500DEF2C5 /* CustomPickerView.swift */,
				7675D644258AC5F5003CF418 /* RangeView.swift */,
			);
			path = GraphView;
			sourceTree = "<group>";
		};
		7646389A254CAFDD00A23505 = {
			isa = PBXGroup;
			children = (
				764638A5254CAFDE00A23505 /* FitnessApp */,
				5C7BA05B53078A94A8F87B4A /* Pods */,
				DE53A718EF360CD9C9B12F16 /* Frameworks */,
				76EFF2932581A4D100E42334 /* FitnessApp.app */,
			);
			sourceTree = "<group>";
		};
		764638A5254CAFDE00A23505 /* FitnessApp */ = {
			isa = PBXGroup;
			children = (
				764638AA254CAFDE00A23505 /* ContentView.swift */,
				76EE261C2559D2520045CD30 /* ButtonView.swift */,
				764638A6254CAFDE00A23505 /* AppDelegate.swift */,
				7651C77525538E3400887702 /* GoogleService-Info.plist */,
				764638A8254CAFDE00A23505 /* SceneDelegate.swift */,
				764638AC254CAFE400A23505 /* Assets.xcassets */,
				764638B1254CAFE400A23505 /* LaunchScreen.storyboard */,
				764638B4254CAFE400A23505 /* Info.plist */,
				764638AE254CAFE400A23505 /* Preview Content */,
				763A8C21258A8A9B00DEF2C5 /* GraphView */,
				76EE2614255869F20045CD30 /* EditView */,
				76EE26332560B8E30045CD30 /* StartWorkout */,
				7622334D255368430070E571 /* ViewModels */,
				76223348255367480070E571 /* Views */,
			);
			path = FitnessApp;
			sourceTree = "<group>";
		};
		764638AE254CAFE400A23505 /* Preview Content */ = {
			isa = PBXGroup;
			children = (
				764638AF254CAFE400A23505 /* Preview Assets.xcassets */,
			);
			path = "Preview Content";
			sourceTree = "<group>";
		};
		76EE2614255869F20045CD30 /* EditView */ = {
			isa = PBXGroup;
			children = (
				764CA4D4257C2B8900057FDE /* EditWorkout.swift */,
				7622334525535EA50070E571 /* DayButton.swift */,
				76EE261825586B8A0045CD30 /* EditView.swift */,
				76A51F212571EFAB005FF3EC /* PopupMenu.swift */,
			);
			path = EditView;
			sourceTree = "<group>";
		};
		76EE26332560B8E30045CD30 /* StartWorkout */ = {
			isa = PBXGroup;
			children = (
				76EE26342560B9080045CD30 /* workoutSelection.swift */,
				76259A4025672E83000417EF /* beginWorkout.swift */,
			);
			path = StartWorkout;
			sourceTree = "<group>";
		};
		DE53A718EF360CD9C9B12F16 /* Frameworks */ = {
			isa = PBXGroup;
			children = (
				175F0D69910A5269C5F2C276 /* Pods_FitnessApp.framework */,
			);
			name = Frameworks;
			sourceTree = "<group>";
		};
/* End PBXGroup section */

/* Begin PBXNativeTarget section */
		764638A2254CAFDE00A23505 /* FitnessApp */ = {
			isa = PBXNativeTarget;
			buildConfigurationList = 764638B7254CAFE400A23505 /* Build configuration list for PBXNativeTarget "FitnessApp" */;
			buildPhases = (
				4C037045337B8DC1D7A1D425 /* [CP] Check Pods Manifest.lock */,
				7646389F254CAFDE00A23505 /* Sources */,
				764638A0254CAFDE00A23505 /* Frameworks */,
				764638A1254CAFDE00A23505 /* Resources */,
				4A970FD6CA1A0E7B500FC4AF /* [CP] Embed Pods Frameworks */,
			);
			buildRules = (
			);
			dependencies = (
			);
			name = FitnessApp;
			packageProductDependencies = (
				76E5405C25A6D5080050D622 /* SwiftUICharts */,
			);
			productName = FitnessApp;
			productReference = 76EFF2932581A4D100E42334 /* FitnessApp.app */;
			productType = "com.apple.product-type.application";
		};
/* End PBXNativeTarget section */

/* Begin PBXProject section */
		7646389B254CAFDD00A23505 /* Project object */ = {
			isa = PBXProject;
			attributes = {
				LastSwiftUpdateCheck = 1210;
				LastUpgradeCheck = 1210;
				TargetAttributes = {
					764638A2254CAFDE00A23505 = {
						CreatedOnToolsVersion = 12.1;
					};
				};
			};
			buildConfigurationList = 7646389E254CAFDD00A23505 /* Build configuration list for PBXProject "FitnessApp" */;
			compatibilityVersion = "Xcode 9.3";
			developmentRegion = en;
			hasScannedForEncodings = 0;
			knownRegions = (
				en,
				Base,
			);
			mainGroup = 7646389A254CAFDD00A23505;
			packageReferences = (
				7681516025A656B8007C0285 /* XCRemoteSwiftPackageReference "ChartView" */,
			);
			productRefGroup = 7646389A254CAFDD00A23505;
			projectDirPath = "";
			projectRoot = "";
			targets = (
				764638A2254CAFDE00A23505 /* FitnessApp */,
			);
		};
/* End PBXProject section */

/* Begin PBXResourcesBuildPhase section */
		764638A1254CAFDE00A23505 /* Resources */ = {
			isa = PBXResourcesBuildPhase;
			buildActionMask = 2147483647;
			files = (
				764638B3254CAFE400A23505 /* LaunchScreen.storyboard in Resources */,
				7651C77625538E3400887702 /* GoogleService-Info.plist in Resources */,
				764638B0254CAFE400A23505 /* Preview Assets.xcassets in Resources */,
				764638AD254CAFE400A23505 /* Assets.xcassets in Resources */,
			);
			runOnlyForDeploymentPostprocessing = 0;
		};
/* End PBXResourcesBuildPhase section */

/* Begin PBXShellScriptBuildPhase section */
		4A970FD6CA1A0E7B500FC4AF /* [CP] Embed Pods Frameworks */ = {
			isa = PBXShellScriptBuildPhase;
			buildActionMask = 2147483647;
			files = (
			);
			inputFileListPaths = (
				"${PODS_ROOT}/Target Support Files/Pods-FitnessApp/Pods-FitnessApp-frameworks-${CONFIGURATION}-input-files.xcfilelist",
			);
			name = "[CP] Embed Pods Frameworks";
			outputFileListPaths = (
				"${PODS_ROOT}/Target Support Files/Pods-FitnessApp/Pods-FitnessApp-frameworks-${CONFIGURATION}-output-files.xcfilelist",
			);
			runOnlyForDeploymentPostprocessing = 0;
			shellPath = /bin/sh;
			shellScript = "\"${PODS_ROOT}/Target Support Files/Pods-FitnessApp/Pods-FitnessApp-frameworks.sh\"\n";
			showEnvVarsInLog = 0;
		};
		4C037045337B8DC1D7A1D425 /* [CP] Check Pods Manifest.lock */ = {
			isa = PBXShellScriptBuildPhase;
			buildActionMask = 2147483647;
			files = (
			);
			inputFileListPaths = (
			);
			inputPaths = (
				"${PODS_PODFILE_DIR_PATH}/Podfile.lock",
				"${PODS_ROOT}/Manifest.lock",
			);
			name = "[CP] Check Pods Manifest.lock";
			outputFileListPaths = (
			);
			outputPaths = (
				"$(DERIVED_FILE_DIR)/Pods-FitnessApp-checkManifestLockResult.txt",
			);
			runOnlyForDeploymentPostprocessing = 0;
			shellPath = /bin/sh;
			shellScript = "diff \"${PODS_PODFILE_DIR_PATH}/Podfile.lock\" \"${PODS_ROOT}/Manifest.lock\" > /dev/null\nif [ $? != 0 ] ; then\n    # print error to STDERR\n    echo \"error: The sandbox is not in sync with the Podfile.lock. Run 'pod install' or update your CocoaPods installation.\" >&2\n    exit 1\nfi\n# This output is used by Xcode 'outputs' to avoid re-running this script phase.\necho \"SUCCESS\" > \"${SCRIPT_OUTPUT_FILE_0}\"\n";
			showEnvVarsInLog = 0;
		};
/* End PBXShellScriptBuildPhase section */

/* Begin PBXSourcesBuildPhase section */
		7646389F254CAFDE00A23505 /* Sources */ = {
			isa = PBXSourcesBuildPhase;
			buildActionMask = 2147483647;
			files = (
				764638A7254CAFDE00A23505 /* AppDelegate.swift in Sources */,
				7622334F255368500070E571 /* WorkoutModel.swift in Sources */,
				764638A9254CAFDE00A23505 /* SceneDelegate.swift in Sources */,
				7622334A255367700070E571 /* Workout.swift in Sources */,
				7675D645258AC5F5003CF418 /* RangeView.swift in Sources */,
				76EE261925586B8A0045CD30 /* EditView.swift in Sources */,
				763A8C27258A90B500DEF2C5 /* CustomPickerView.swift in Sources */,
				764638AB254CAFDE00A23505 /* ContentView.swift in Sources */,
				766AF60F2575EB3B0053DD85 /* SetModel.swift in Sources */,
				769495D525A6BF85000DC704 /* ExerciseData.swift in Sources */,
				7622334625535EA50070E571 /* DayButton.swift in Sources */,
				764CA4D5257C2B8900057FDE /* EditWorkout.swift in Sources */,
				76A51F222571EFAB005FF3EC /* PopupMenu.swift in Sources */,
				76259A4125672E83000417EF /* beginWorkout.swift in Sources */,
				76EE261D2559D2520045CD30 /* ButtonView.swift in Sources */,
				763A8C23258A8ACE00DEF2C5 /* InputView.swift in Sources */,
				766AF60C2575EAAE0053DD85 /* SetData.swift in Sources */,
				7681516925A65A0E007C0285 /* LineGraph.swift in Sources */,
				76EE26352560B9090045CD30 /* workoutSelection.swift in Sources */,
			);
			runOnlyForDeploymentPostprocessing = 0;
		};
/* End PBXSourcesBuildPhase section */

/* Begin PBXVariantGroup section */
		764638B1254CAFE400A23505 /* LaunchScreen.storyboard */ = {
			isa = PBXVariantGroup;
			children = (
				764638B2254CAFE400A23505 /* Base */,
			);
			name = LaunchScreen.storyboard;
			sourceTree = "<group>";
		};
/* End PBXVariantGroup section */

/* Begin XCBuildConfiguration section */
		764638B5254CAFE400A23505 /* Debug */ = {
			isa = XCBuildConfiguration;
			buildSettings = {
				ALWAYS_SEARCH_USER_PATHS = NO;
				CLANG_ANALYZER_NONNULL = YES;
				CLANG_ANALYZER_NUMBER_OBJECT_CONVERSION = YES_AGGRESSIVE;
				CLANG_CXX_LANGUAGE_STANDARD = "gnu++14";
				CLANG_CXX_LIBRARY = "libc++";
				CLANG_ENABLE_MODULES = YES;
				CLANG_ENABLE_OBJC_ARC = YES;
				CLANG_ENABLE_OBJC_WEAK = YES;
				CLANG_WARN_BLOCK_CAPTURE_AUTORELEASING = YES;
				CLANG_WARN_BOOL_CONVERSION = YES;
				CLANG_WARN_COMMA = YES;
				CLANG_WARN_CONSTANT_CONVERSION = YES;
				CLANG_WARN_DEPRECATED_OBJC_IMPLEMENTATIONS = YES;
				CLANG_WARN_DIRECT_OBJC_ISA_USAGE = YES_ERROR;
				CLANG_WARN_DOCUMENTATION_COMMENTS = YES;
				CLANG_WARN_EMPTY_BODY = YES;
				CLANG_WARN_ENUM_CONVERSION = YES;
				CLANG_WARN_INFINITE_RECURSION = YES;
				CLANG_WARN_INT_CONVERSION = YES;
				CLANG_WARN_NON_LITERAL_NULL_CONVERSION = YES;
				CLANG_WARN_OBJC_IMPLICIT_RETAIN_SELF = YES;
				CLANG_WARN_OBJC_LITERAL_CONVERSION = YES;
				CLANG_WARN_OBJC_ROOT_CLASS = YES_ERROR;
				CLANG_WARN_QUOTED_INCLUDE_IN_FRAMEWORK_HEADER = YES;
				CLANG_WARN_RANGE_LOOP_ANALYSIS = YES;
				CLANG_WARN_STRICT_PROTOTYPES = YES;
				CLANG_WARN_SUSPICIOUS_MOVE = YES;
				CLANG_WARN_UNGUARDED_AVAILABILITY = YES_AGGRESSIVE;
				CLANG_WARN_UNREACHABLE_CODE = YES;
				CLANG_WARN__DUPLICATE_METHOD_MATCH = YES;
				COPY_PHASE_STRIP = NO;
				DEBUG_INFORMATION_FORMAT = dwarf;
				ENABLE_STRICT_OBJC_MSGSEND = YES;
				ENABLE_TESTABILITY = YES;
				GCC_C_LANGUAGE_STANDARD = gnu11;
				GCC_DYNAMIC_NO_PIC = NO;
				GCC_NO_COMMON_BLOCKS = YES;
				GCC_OPTIMIZATION_LEVEL = 0;
				GCC_PREPROCESSOR_DEFINITIONS = (
					"DEBUG=1",
					"$(inherited)",
				);
				GCC_WARN_64_TO_32_BIT_CONVERSION = YES;
				GCC_WARN_ABOUT_RETURN_TYPE = YES_ERROR;
				GCC_WARN_UNDECLARED_SELECTOR = YES;
				GCC_WARN_UNINITIALIZED_AUTOS = YES_AGGRESSIVE;
				GCC_WARN_UNUSED_FUNCTION = YES;
				GCC_WARN_UNUSED_VARIABLE = YES;
				IPHONEOS_DEPLOYMENT_TARGET = 14.1;
				MTL_ENABLE_DEBUG_INFO = INCLUDE_SOURCE;
				MTL_FAST_MATH = YES;
				ONLY_ACTIVE_ARCH = YES;
				SDKROOT = iphoneos;
				SWIFT_ACTIVE_COMPILATION_CONDITIONS = DEBUG;
				SWIFT_OPTIMIZATION_LEVEL = "-Onone";
			};
			name = Debug;
		};
		764638B6254CAFE400A23505 /* Release */ = {
			isa = XCBuildConfiguration;
			buildSettings = {
				ALWAYS_SEARCH_USER_PATHS = NO;
				CLANG_ANALYZER_NONNULL = YES;
				CLANG_ANALYZER_NUMBER_OBJECT_CONVERSION = YES_AGGRESSIVE;
				CLANG_CXX_LANGUAGE_STANDARD = "gnu++14";
				CLANG_CXX_LIBRARY = "libc++";
				CLANG_ENABLE_MODULES = YES;
				CLANG_ENABLE_OBJC_ARC = YES;
				CLANG_ENABLE_OBJC_WEAK = YES;
				CLANG_WARN_BLOCK_CAPTURE_AUTORELEASING = YES;
				CLANG_WARN_BOOL_CONVERSION = YES;
				CLANG_WARN_COMMA = YES;
				CLANG_WARN_CONSTANT_CONVERSION = YES;
				CLANG_WARN_DEPRECATED_OBJC_IMPLEMENTATIONS = YES;
				CLANG_WARN_DIRECT_OBJC_ISA_USAGE = YES_ERROR;
				CLANG_WARN_DOCUMENTATION_COMMENTS = YES;
				CLANG_WARN_EMPTY_BODY = YES;
				CLANG_WARN_ENUM_CONVERSION = YES;
				CLANG_WARN_INFINITE_RECURSION = YES;
				CLANG_WARN_INT_CONVERSION = YES;
				CLANG_WARN_NON_LITERAL_NULL_CONVERSION = YES;
				CLANG_WARN_OBJC_IMPLICIT_RETAIN_SELF = YES;
				CLANG_WARN_OBJC_LITERAL_CONVERSION = YES;
				CLANG_WARN_OBJC_ROOT_CLASS = YES_ERROR;
				CLANG_WARN_QUOTED_INCLUDE_IN_FRAMEWORK_HEADER = YES;
				CLANG_WARN_RANGE_LOOP_ANALYSIS = YES;
				CLANG_WARN_STRICT_PROTOTYPES = YES;
				CLANG_WARN_SUSPICIOUS_MOVE = YES;
				CLANG_WARN_UNGUARDED_AVAILABILITY = YES_AGGRESSIVE;
				CLANG_WARN_UNREACHABLE_CODE = YES;
				CLANG_WARN__DUPLICATE_METHOD_MATCH = YES;
				COPY_PHASE_STRIP = NO;
				DEBUG_INFORMATION_FORMAT = "dwarf-with-dsym";
				ENABLE_NS_ASSERTIONS = NO;
				ENABLE_STRICT_OBJC_MSGSEND = YES;
				GCC_C_LANGUAGE_STANDARD = gnu11;
				GCC_NO_COMMON_BLOCKS = YES;
				GCC_WARN_64_TO_32_BIT_CONVERSION = YES;
				GCC_WARN_ABOUT_RETURN_TYPE = YES_ERROR;
				GCC_WARN_UNDECLARED_SELECTOR = YES;
				GCC_WARN_UNINITIALIZED_AUTOS = YES_AGGRESSIVE;
				GCC_WARN_UNUSED_FUNCTION = YES;
				GCC_WARN_UNUSED_VARIABLE = YES;
				IPHONEOS_DEPLOYMENT_TARGET = 14.1;
				MTL_ENABLE_DEBUG_INFO = NO;
				MTL_FAST_MATH = YES;
				SDKROOT = iphoneos;
				SWIFT_COMPILATION_MODE = wholemodule;
				SWIFT_OPTIMIZATION_LEVEL = "-O";
				VALIDATE_PRODUCT = YES;
			};
			name = Release;
		};
		764638B8254CAFE400A23505 /* Debug */ = {
			isa = XCBuildConfiguration;
			baseConfigurationReference = CC4F6F750F26E02F200D5F09 /* Pods-FitnessApp.debug.xcconfig */;
			buildSettings = {
				ASSETCATALOG_COMPILER_APPICON_NAME = AppIcon;
				ASSETCATALOG_COMPILER_GLOBAL_ACCENT_COLOR_NAME = AccentColor;
				CODE_SIGN_STYLE = Automatic;
				DEVELOPMENT_ASSET_PATHS = "\"FitnessApp/Preview Content\"";
				DEVELOPMENT_TEAM = DT2Y373G8D;
				ENABLE_PREVIEWS = YES;
				INFOPLIST_FILE = FitnessApp/Info.plist;
				LD_RUNPATH_SEARCH_PATHS = (
					"$(inherited)",
					"@executable_path/Frameworks",
				);
				PRODUCT_BUNDLE_IDENTIFIER = "Lawrence-Wu.FitnessApp";
				PRODUCT_NAME = "$(TARGET_NAME)";
				SWIFT_VERSION = 5.0;
				TARGETED_DEVICE_FAMILY = "1,2";
			};
			name = Debug;
		};
		764638B9254CAFE400A23505 /* Release */ = {
			isa = XCBuildConfiguration;
			baseConfigurationReference = 933BCEBD74ACE0BF4CA9348E /* Pods-FitnessApp.release.xcconfig */;
			buildSettings = {
				ASSETCATALOG_COMPILER_APPICON_NAME = AppIcon;
				ASSETCATALOG_COMPILER_GLOBAL_ACCENT_COLOR_NAME = AccentColor;
				CODE_SIGN_STYLE = Automatic;
				DEVELOPMENT_ASSET_PATHS = "\"FitnessApp/Preview Content\"";
				DEVELOPMENT_TEAM = DT2Y373G8D;
				ENABLE_PREVIEWS = YES;
				INFOPLIST_FILE = FitnessApp/Info.plist;
				LD_RUNPATH_SEARCH_PATHS = (
					"$(inherited)",
					"@executable_path/Frameworks",
				);
				PRODUCT_BUNDLE_IDENTIFIER = "Lawrence-Wu.FitnessApp";
				PRODUCT_NAME = "$(TARGET_NAME)";
				SWIFT_VERSION = 5.0;
				TARGETED_DEVICE_FAMILY = "1,2";
			};
			name = Release;
		};
/* End XCBuildConfiguration section */

/* Begin XCConfigurationList section */
		7646389E254CAFDD00A23505 /* Build configuration list for PBXProject "FitnessApp" */ = {
			isa = XCConfigurationList;
			buildConfigurations = (
				764638B5254CAFE400A23505 /* Debug */,
				764638B6254CAFE400A23505 /* Release */,
			);
			defaultConfigurationIsVisible = 0;
			defaultConfigurationName = Release;
		};
		764638B7254CAFE400A23505 /* Build configuration list for PBXNativeTarget "FitnessApp" */ = {
			isa = XCConfigurationList;
			buildConfigurations = (
				764638B8254CAFE400A23505 /* Debug */,
				764638B9254CAFE400A23505 /* Release */,
			);
			defaultConfigurationIsVisible = 0;
			defaultConfigurationName = Release;
		};
/* End XCConfigurationList section */

/* Begin XCRemoteSwiftPackageReference section */
		7681516025A656B8007C0285 /* XCRemoteSwiftPackageReference "ChartView" */ = {
			isa = XCRemoteSwiftPackageReference;
			repositoryURL = "https://github.com/AppPear/ChartView";
			requirement = {
				kind = upToNextMajorVersion;
				minimumVersion = 1.5.4;
			};
		};
/* End XCRemoteSwiftPackageReference section */

/* Begin XCSwiftPackageProductDependency section */
		76E5405C25A6D5080050D622 /* SwiftUICharts */ = {
			isa = XCSwiftPackageProductDependency;
			package = 7681516025A656B8007C0285 /* XCRemoteSwiftPackageReference "ChartView" */;
			productName = SwiftUICharts;
		};
/* End XCSwiftPackageProductDependency section */
	};
	rootObject = 7646389B254CAFDD00A23505 /* Project object */;
}
